<?xml version="1.0" encoding="utf-8"?>
<Project ToolsVersion="4.0" xmlns="http://schemas.microsoft.com/developer/msbuild/2003">
  <ItemGroup>
    <Filter Include="Source Files">
      <UniqueIdentifier>{4FC737F1-C7A5-4376-A066-2A32D752A2FF}</UniqueIdentifier>
      <Extensions>cpp;c;cc;cxx;def;odl;idl;hpj;bat;asm;asmx</Extensions>
    </Filter>
    <Filter Include="Header Files">
      <UniqueIdentifier>{93995380-89BD-4b04-88EB-625FBE52EBFB}</UniqueIdentifier>
      <Extensions>h;hh;hpp;hxx;hm;inl;inc;ipp;xsd</Extensions>
    </Filter>
    <Filter Include="Resource Files">
      <UniqueIdentifier>{67DA6AB6-F800-4c08-8B7A-83BB121AAD01}</UniqueIdentifier>
      <Extensions>rc;ico;cur;bmp;dlg;rc2;rct;bin;rgs;gif;jpg;jpeg;jpe;resx;tiff;tif;png;wav;mfcribbon-ms</Extensions>
    </Filter>
  </ItemGroup>
  <ItemGroup>
    <ClCompile Include="main.cpp">
      <Filter>Source Files</Filter>
    </ClCompile>
    <ClCompile Include="graphics\core\BasicObject.cpp">
      <Filter>Source Files</Filter>
    </ClCompile>
    <ClCompile Include="graphics\core\Graphics.cpp">
      <Filter>Source Files</Filter>
    </ClCompile>
    <ClCompile Include="graphics\core\Window.cpp">
      <Filter>Source Files</Filter>
    </ClCompile>
    <ClCompile Include="graphics\widgets\Grid.cpp">
      <Filter>Source Files</Filter>
    </ClCompile>
    <ClCompile Include="graphics\GraphicsManager.cpp">
      <Filter>Source Files</Filter>
    </ClCompile>
    <ClCompile Include="graphics\SolidObject.cpp">
      <Filter>Source Files</Filter>
    </ClCompile>
    <ClCompile Include="engine\LifeEngine.cpp">
      <Filter>Source Files</Filter>
    </ClCompile>
    <ClCompile Include="engine\CrowdEngine.cpp">
      <Filter>Source Files</Filter>
    </ClCompile>
    <ClCompile Include="controllers\core\BasicController.cpp">
      <Filter>Source Files</Filter>
    </ClCompile>
    <ClCompile Include="controllers\core\ControllerRunner.cpp">
      <Filter>Source Files</Filter>
    </ClCompile>
    <ClCompile Include="controllers\LifeController.cpp">
      <Filter>Source Files</Filter>
    </ClCompile>
    <ClCompile Include="controllers\CrowdController.cpp">
      <Filter>Source Files</Filter>
    </ClCompile>
    <ClCompile Include="analytics\CrowdEngineAnalisys.cpp">
      <Filter>Source Files</Filter>
    </ClCompile>
  </ItemGroup>
  <ItemGroup>
    <ClInclude Include="graphics\core\BasicObject.h">
      <Filter>Header Files</Filter>
    </ClInclude>
    <ClInclude Include="graphics\core\Graphics.h">
      <Filter>Header Files</Filter>
    </ClInclude>
    <ClInclude Include="graphics\core\Window.h">
      <Filter>Header Files</Filter>
    </ClInclude>
    <ClInclude Include="graphics\widgets\Grid.h">
      <Filter>Header Files</Filter>
    </ClInclude>
    <ClInclude Include="graphics\GraphicsManager.h">
      <Filter>Header Files</Filter>
    </ClInclude>
    <ClInclude Include="graphics\SolidObject.h">
      <Filter>Header Files</Filter>
    </ClInclude>
    <ClInclude Include="engine\LifeEngine.h">
      <Filter>Header Files</Filter>
    </ClInclude>
    <ClInclude Include="engine\LifeRules.h">
      <Filter>Header Files</Filter>
    </ClInclude>
    <ClInclude Include="engine\CrowdEngine.h">
      <Filter>Header Files</Filter>
    </ClInclude>
    <ClInclude Include="seeds\CrowdSeeds.h">
      <Filter>Header Files</Filter>
    </ClInclude>
    <ClInclude Include="controllers\core\BasicController.h">
      <Filter>Header Files</Filter>
    </ClInclude>
    <ClInclude Include="controllers\core\ControllerRunner.h">
      <Filter>Header Files</Filter>
    </ClInclude>
    <ClInclude Include="controllers\LifeController.h">
      <Filter>Header Files</Filter>
    </ClInclude>
    <ClInclude Include="controllers\CrowdController.h">
      <Filter>Header Files</Filter>
    </ClInclude>
    <ClInclude Include="analytics\CrowdEngineAnalisys.h">
      <Filter>Header Files</Filter>
    </ClInclude>
  </ItemGroup>
</Project>